
Microsoft Visual Studio Solution File, Format Version 12.00
# Visual Studio 15
VisualStudioVersion = 15.0.26430.15
MinimumVisualStudioVersion = 10.0.40219.1
Project("{FAE04EC0-301F-11D3-BF4B-00C04F79EFBC}") = "LocationUpdate", "LocationUpdate\LocationUpdate.csproj", "{D4E9CD4F-EEA6-44FF-9FA9-72568153B55E}"
EndProject
Project("{2150E333-8FDC-42A3-9474-1A3956D46DE8}") = "Forms", "Forms", "{C06D112E-2986-4FBB-AFEF-87B3700671CF}"
EndProject
Project("{FAE04EC0-301F-11D3-BF4B-00C04F79EFBC}") = "Location.Android", "Location\Location.Android\Location.Android.csproj", "{26DD0BBB-C487-4FF7-853E-A43ECD156A72}"
EndProject
Project("{FAE04EC0-301F-11D3-BF4B-00C04F79EFBC}") = "Location", "Location\Location\Location.csproj", "{05F961DE-4026-4C03-BC58-241C5BAB74B5}"
EndProject
Project("{FAE04EC0-301F-11D3-BF4B-00C04F79EFBC}") = "Location.iOS", "Location\Location.iOS\Location.iOS.csproj", "{6796622B-6528-4AED-90F0-C2525B31D444}"
EndProject
Global
	GlobalSection(SolutionConfigurationPlatforms) = preSolution
		Ad-Hoc|Any CPU = Ad-Hoc|Any CPU
		Ad-Hoc|iPhone = Ad-Hoc|iPhone
		Ad-Hoc|iPhoneSimulator = Ad-Hoc|iPhoneSimulator
		AppStore|Any CPU = AppStore|Any CPU
		AppStore|iPhone = AppStore|iPhone
		AppStore|iPhoneSimulator = AppStore|iPhoneSimulator
		Debug|Any CPU = Debug|Any CPU
		Debug|iPhone = Debug|iPhone
		Debug|iPhoneSimulator = Debug|iPhoneSimulator
		Release|Any CPU = Release|Any CPU
		Release|iPhone = Release|iPhone
		Release|iPhoneSimulator = Release|iPhoneSimulator
	EndGlobalSection
	GlobalSection(ProjectConfigurationPlatforms) = postSolution
		{D4E9CD4F-EEA6-44FF-9FA9-72568153B55E}.Ad-Hoc|Any CPU.ActiveCfg = Release|Any CPU
		{D4E9CD4F-EEA6-44FF-9FA9-72568153B55E}.Ad-Hoc|Any CPU.Build.0 = Release|Any CPU
		{D4E9CD4F-EEA6-44FF-9FA9-72568153B55E}.Ad-Hoc|Any CPU.Deploy.0 = Release|Any CPU
		{D4E9CD4F-EEA6-44FF-9FA9-72568153B55E}.Ad-Hoc|iPhone.ActiveCfg = Release|Any CPU
		{D4E9CD4F-EEA6-44FF-9FA9-72568153B55E}.Ad-Hoc|iPhone.Build.0 = Release|Any CPU
		{D4E9CD4F-EEA6-44FF-9FA9-72568153B55E}.Ad-Hoc|iPhone.Deploy.0 = Release|Any CPU
		{D4E9CD4F-EEA6-44FF-9FA9-72568153B55E}.Ad-Hoc|iPhoneSimulator.ActiveCfg = Release|Any CPU
		{D4E9CD4F-EEA6-44FF-9FA9-72568153B55E}.Ad-Hoc|iPhoneSimulator.Build.0 = Release|Any CPU
		{D4E9CD4F-EEA6-44FF-9FA9-72568153B55E}.Ad-Hoc|iPhoneSimulator.Deploy.0 = Release|Any CPU
		{D4E9CD4F-EEA6-44FF-9FA9-72568153B55E}.AppStore|Any CPU.ActiveCfg = Release|Any CPU
		{D4E9CD4F-EEA6-44FF-9FA9-72568153B55E}.AppStore|Any CPU.Build.0 = Release|Any CPU
		{D4E9CD4F-EEA6-44FF-9FA9-72568153B55E}.AppStore|Any CPU.Deploy.0 = Release|Any CPU
		{D4E9CD4F-EEA6-44FF-9FA9-72568153B55E}.AppStore|iPhone.ActiveCfg = Release|Any CPU
		{D4E9CD4F-EEA6-44FF-9FA9-72568153B55E}.AppStore|iPhone.Build.0 = Release|Any CPU
		{D4E9CD4F-EEA6-44FF-9FA9-72568153B55E}.AppStore|iPhone.Deploy.0 = Release|Any CPU
		{D4E9CD4F-EEA6-44FF-9FA9-72568153B55E}.AppStore|iPhoneSimulator.ActiveCfg = Release|Any CPU
		{D4E9CD4F-EEA6-44FF-9FA9-72568153B55E}.AppStore|iPhoneSimulator.Build.0 = Release|Any CPU
		{D4E9CD4F-EEA6-44FF-9FA9-72568153B55E}.AppStore|iPhoneSimulator.Deploy.0 = Release|Any CPU
		{D4E9CD4F-EEA6-44FF-9FA9-72568153B55E}.Debug|Any CPU.ActiveCfg = Debug|Any CPU
		{D4E9CD4F-EEA6-44FF-9FA9-72568153B55E}.Debug|Any CPU.Build.0 = Debug|Any CPU
		{D4E9CD4F-EEA6-44FF-9FA9-72568153B55E}.Debug|Any CPU.Deploy.0 = Debug|Any CPU
		{D4E9CD4F-EEA6-44FF-9FA9-72568153B55E}.Debug|iPhone.ActiveCfg = Debug|Any CPU
		{D4E9CD4F-EEA6-44FF-9FA9-72568153B55E}.Debug|iPhone.Build.0 = Debug|Any CPU
		{D4E9CD4F-EEA6-44FF-9FA9-72568153B55E}.Debug|iPhone.Deploy.0 = Debug|Any CPU
		{D4E9CD4F-EEA6-44FF-9FA9-72568153B55E}.Debug|iPhoneSimulator.ActiveCfg = Debug|Any CPU
		{D4E9CD4F-EEA6-44FF-9FA9-72568153B55E}.Debug|iPhoneSimulator.Build.0 = Debug|Any CPU
		{D4E9CD4F-EEA6-44FF-9FA9-72568153B55E}.Debug|iPhoneSimulator.Deploy.0 = Debug|Any CPU
		{D4E9CD4F-EEA6-44FF-9FA9-72568153B55E}.Release|Any CPU.ActiveCfg = Release|Any CPU
		{D4E9CD4F-EEA6-44FF-9FA9-72568153B55E}.Release|Any CPU.Build.0 = Release|Any CPU
		{D4E9CD4F-EEA6-44FF-9FA9-72568153B55E}.Release|Any CPU.Deploy.0 = Release|Any CPU
		{D4E9CD4F-EEA6-44FF-9FA9-72568153B55E}.Release|iPhone.ActiveCfg = Release|Any CPU
		{D4E9CD4F-EEA6-44FF-9FA9-72568153B55E}.Release|iPhone.Build.0 = Release|Any CPU
		{D4E9CD4F-EEA6-44FF-9FA9-72568153B55E}.Release|iPhone.Deploy.0 = Release|Any CPU
		{D4E9CD4F-EEA6-44FF-9FA9-72568153B55E}.Release|iPhoneSimulator.ActiveCfg = Release|Any CPU
		{D4E9CD4F-EEA6-44FF-9FA9-72568153B55E}.Release|iPhoneSimulator.Build.0 = Release|Any CPU
		{D4E9CD4F-EEA6-44FF-9FA9-72568153B55E}.Release|iPhoneSimulator.Deploy.0 = Release|Any CPU
		{26DD0BBB-C487-4FF7-853E-A43ECD156A72}.Ad-Hoc|Any CPU.ActiveCfg = Release|Any CPU
		{26DD0BBB-C487-4FF7-853E-A43ECD156A72}.Ad-Hoc|Any CPU.Build.0 = Release|Any CPU
		{26DD0BBB-C487-4FF7-853E-A43ECD156A72}.Ad-Hoc|Any CPU.Deploy.0 = Release|Any CPU
		{26DD0BBB-C487-4FF7-853E-A43ECD156A72}.Ad-Hoc|iPhone.ActiveCfg = Release|Any CPU
		{26DD0BBB-C487-4FF7-853E-A43ECD156A72}.Ad-Hoc|iPhone.Build.0 = Release|Any CPU
		{26DD0BBB-C487-4FF7-853E-A43ECD156A72}.Ad-Hoc|iPhone.Deploy.0 = Release|Any CPU
		{26DD0BBB-C487-4FF7-853E-A43ECD156A72}.Ad-Hoc|iPhoneSimulator.ActiveCfg = Release|Any CPU
		{26DD0BBB-C487-4FF7-853E-A43ECD156A72}.Ad-Hoc|iPhoneSimulator.Build.0 = Release|Any CPU
		{26DD0BBB-C487-4FF7-853E-A43ECD156A72}.Ad-Hoc|iPhoneSimulator.Deploy.0 = Release|Any CPU
		{26DD0BBB-C487-4FF7-853E-A43ECD156A72}.AppStore|Any CPU.ActiveCfg = Release|Any CPU
		{26DD0BBB-C487-4FF7-853E-A43ECD156A72}.AppStore|Any CPU.Build.0 = Release|Any CPU
		{26DD0BBB-C487-4FF7-853E-A43ECD156A72}.AppStore|Any CPU.Deploy.0 = Release|Any CPU
		{26DD0BBB-C487-4FF7-853E-A43ECD156A72}.AppStore|iPhone.ActiveCfg = Release|Any CPU
		{26DD0BBB-C487-4FF7-853E-A43ECD156A72}.AppStore|iPhone.Build.0 = Release|Any CPU
		{26DD0BBB-C487-4FF7-853E-A43ECD156A72}.AppStore|iPhone.Deploy.0 = Release|Any CPU
		{26DD0BBB-C487-4FF7-853E-A43ECD156A72}.AppStore|iPhoneSimulator.ActiveCfg = Release|Any CPU
		{26DD0BBB-C487-4FF7-853E-A43ECD156A72}.AppStore|iPhoneSimulator.Build.0 = Release|Any CPU
		{26DD0BBB-C487-4FF7-853E-A43ECD156A72}.AppStore|iPhoneSimulator.Deploy.0 = Release|Any CPU
		{26DD0BBB-C487-4FF7-853E-A43ECD156A72}.Debug|Any CPU.ActiveCfg = Debug|Any CPU
		{26DD0BBB-C487-4FF7-853E-A43ECD156A72}.Debug|Any CPU.Build.0 = Debug|Any CPU
		{26DD0BBB-C487-4FF7-853E-A43ECD156A72}.Debug|Any CPU.Deploy.0 = Debug|Any CPU
		{26DD0BBB-C487-4FF7-853E-A43ECD156A72}.Debug|iPhone.ActiveCfg = Debug|Any CPU
		{26DD0BBB-C487-4FF7-853E-A43ECD156A72}.Debug|iPhone.Build.0 = Debug|Any CPU
		{26DD0BBB-C487-4FF7-853E-A43ECD156A72}.Debug|iPhone.Deploy.0 = Debug|Any CPU
		{26DD0BBB-C487-4FF7-853E-A43ECD156A72}.Debug|iPhoneSimulator.ActiveCfg = Debug|Any CPU
		{26DD0BBB-C487-4FF7-853E-A43ECD156A72}.Debug|iPhoneSimulator.Build.0 = Debug|Any CPU
		{26DD0BBB-C487-4FF7-853E-A43ECD156A72}.Debug|iPhoneSimulator.Deploy.0 = Debug|Any CPU
		{26DD0BBB-C487-4FF7-853E-A43ECD156A72}.Release|Any CPU.ActiveCfg = Release|Any CPU
		{26DD0BBB-C487-4FF7-853E-A43ECD156A72}.Release|Any CPU.Build.0 = Release|Any CPU
		{26DD0BBB-C487-4FF7-853E-A43ECD156A72}.Release|Any CPU.Deploy.0 = Release|Any CPU
		{26DD0BBB-C487-4FF7-853E-A43ECD156A72}.Release|iPhone.ActiveCfg = Release|Any CPU
		{26DD0BBB-C487-4FF7-853E-A43ECD156A72}.Release|iPhone.Build.0 = Release|Any CPU
		{26DD0BBB-C487-4FF7-853E-A43ECD156A72}.Release|iPhone.Deploy.0 = Release|Any CPU
		{26DD0BBB-C487-4FF7-853E-A43ECD156A72}.Release|iPhoneSimulator.ActiveCfg = Release|Any CPU
		{26DD0BBB-C487-4FF7-853E-A43ECD156A72}.Release|iPhoneSimulator.Build.0 = Release|Any CPU
		{26DD0BBB-C487-4FF7-853E-A43ECD156A72}.Release|iPhoneSimulator.Deploy.0 = Release|Any CPU
		{05F961DE-4026-4C03-BC58-241C5BAB74B5}.Ad-Hoc|Any CPU.ActiveCfg = Release|Any CPU
		{05F961DE-4026-4C03-BC58-241C5BAB74B5}.Ad-Hoc|Any CPU.Build.0 = Release|Any CPU
		{05F961DE-4026-4C03-BC58-241C5BAB74B5}.Ad-Hoc|iPhone.ActiveCfg = Release|Any CPU
		{05F961DE-4026-4C03-BC58-241C5BAB74B5}.Ad-Hoc|iPhone.Build.0 = Release|Any CPU
		{05F961DE-4026-4C03-BC58-241C5BAB74B5}.Ad-Hoc|iPhoneSimulator.ActiveCfg = Release|Any CPU
		{05F961DE-4026-4C03-BC58-241C5BAB74B5}.Ad-Hoc|iPhoneSimulator.Build.0 = Release|Any CPU
		{05F961DE-4026-4C03-BC58-241C5BAB74B5}.AppStore|Any CPU.ActiveCfg = Release|Any CPU
		{05F961DE-4026-4C03-BC58-241C5BAB74B5}.AppStore|Any CPU.Build.0 = Release|Any CPU
		{05F961DE-4026-4C03-BC58-241C5BAB74B5}.AppStore|iPhone.ActiveCfg = Release|Any CPU
		{05F961DE-4026-4C03-BC58-241C5BAB74B5}.AppStore|iPhone.Build.0 = Release|Any CPU
		{05F961DE-4026-4C03-BC58-241C5BAB74B5}.AppStore|iPhoneSimulator.ActiveCfg = Release|Any CPU
		{05F961DE-4026-4C03-BC58-241C5BAB74B5}.AppStore|iPhoneSimulator.Build.0 = Release|Any CPU
		{05F961DE-4026-4C03-BC58-241C5BAB74B5}.Debug|Any CPU.ActiveCfg = Debug|Any CPU
		{05F961DE-4026-4C03-BC58-241C5BAB74B5}.Debug|Any CPU.Build.0 = Debug|Any CPU
		{05F961DE-4026-4C03-BC58-241C5BAB74B5}.Debug|iPhone.ActiveCfg = Debug|Any CPU
		{05F961DE-4026-4C03-BC58-241C5BAB74B5}.Debug|iPhone.Build.0 = Debug|Any CPU
		{05F961DE-4026-4C03-BC58-241C5BAB74B5}.Debug|iPhoneSimulator.ActiveCfg = Debug|Any CPU
		{05F961DE-4026-4C03-BC58-241C5BAB74B5}.Debug|iPhoneSimulator.Build.0 = Debug|Any CPU
		{05F961DE-4026-4C03-BC58-241C5BAB74B5}.Release|Any CPU.ActiveCfg = Release|Any CPU
		{05F961DE-4026-4C03-BC58-241C5BAB74B5}.Release|Any CPU.Build.0 = Release|Any CPU
		{05F961DE-4026-4C03-BC58-241C5BAB74B5}.Release|iPhone.ActiveCfg = Release|Any CPU
		{05F961DE-4026-4C03-BC58-241C5BAB74B5}.Release|iPhone.Build.0 = Release|Any CPU
		{05F961DE-4026-4C03-BC58-241C5BAB74B5}.Release|iPhoneSimulator.ActiveCfg = Release|Any CPU
		{05F961DE-4026-4C03-BC58-241C5BAB74B5}.Release|iPhoneSimulator.Build.0 = Release|Any CPU
		{6796622B-6528-4AED-90F0-C2525B31D444}.Ad-Hoc|Any CPU.ActiveCfg = Ad-Hoc|iPhone
		{6796622B-6528-4AED-90F0-C2525B31D444}.Ad-Hoc|iPhone.ActiveCfg = Ad-Hoc|iPhone
		{6796622B-6528-4AED-90F0-C2525B31D444}.Ad-Hoc|iPhone.Build.0 = Ad-Hoc|iPhone
		{6796622B-6528-4AED-90F0-C2525B31D444}.Ad-Hoc|iPhoneSimulator.ActiveCfg = Ad-Hoc|iPhoneSimulator
		{6796622B-6528-4AED-90F0-C2525B31D444}.Ad-Hoc|iPhoneSimulator.Build.0 = Ad-Hoc|iPhoneSimulator
		{6796622B-6528-4AED-90F0-C2525B31D444}.AppStore|Any CPU.ActiveCfg = AppStore|iPhone
		{6796622B-6528-4AED-90F0-C2525B31D444}.AppStore|iPhone.ActiveCfg = AppStore|iPhone
		{6796622B-6528-4AED-90F0-C2525B31D444}.AppStore|iPhone.Build.0 = AppStore|iPhone
		{6796622B-6528-4AED-90F0-C2525B31D444}.AppStore|iPhoneSimulator.ActiveCfg = AppStore|iPhoneSimulator
		{6796622B-6528-4AED-90F0-C2525B31D444}.AppStore|iPhoneSimulator.Build.0 = AppStore|iPhoneSimulator
		{6796622B-6528-4AED-90F0-C2525B31D444}.Debug|Any CPU.ActiveCfg = Debug|iPhone
		{6796622B-6528-4AED-90F0-C2525B31D444}.Debug|iPhone.ActiveCfg = Debug|iPhone
		{6796622B-6528-4AED-90F0-C2525B31D444}.Debug|iPhone.Build.0 = Debug|iPhone
		{6796622B-6528-4AED-90F0-C2525B31D444}.Debug|iPhoneSimulator.ActiveCfg = Debug|iPhoneSimulator
		{6796622B-6528-4AED-90F0-C2525B31D444}.Debug|iPhoneSimulator.Build.0 = Debug|iPhoneSimulator
		{6796622B-6528-4AED-90F0-C2525B31D444}.Release|Any CPU.ActiveCfg = Release|iPhone
		{6796622B-6528-4AED-90F0-C2525B31D444}.Release|iPhone.ActiveCfg = Release|iPhone
		{6796622B-6528-4AED-90F0-C2525B31D444}.Release|iPhone.Build.0 = Release|iPhone
		{6796622B-6528-4AED-90F0-C2525B31D444}.Release|iPhoneSimulator.ActiveCfg = Release|iPhoneSimulator
		{6796622B-6528-4AED-90F0-C2525B31D444}.Release|iPhoneSimulator.Build.0 = Release|iPhoneSimulator
	EndGlobalSection
	GlobalSection(SolutionProperties) = preSolution
		HideSolutionNode = FALSE
	EndGlobalSection
	GlobalSection(NestedProjects) = preSolution
		{26DD0BBB-C487-4FF7-853E-A43ECD156A72} = {C06D112E-2986-4FBB-AFEF-87B3700671CF}
		{05F961DE-4026-4C03-BC58-241C5BAB74B5} = {C06D112E-2986-4FBB-AFEF-87B3700671CF}
		{6796622B-6528-4AED-90F0-C2525B31D444} = {C06D112E-2986-4FBB-AFEF-87B3700671CF}
	EndGlobalSection
EndGlobal
